
Microsoft Visual Studio Solution File, Format Version 12.00
# Visual Studio Version 16
VisualStudioVersion = 16.0.28917.182
MinimumVisualStudioVersion = 10.0.40219.1
Project("{9A19103F-16F7-4668-BE54-9A1E7A4F7556}") = "SecureLab", "SecureLab\SecureLab.csproj", "{274FB89F-4CD2-4DB3-BACA-AD4F8B3577FE}"
EndProject
Project("{9A19103F-16F7-4668-BE54-9A1E7A4F7556}") = "SecureLab.Domain", "SecureLab.Models\SecureLab.Domain.csproj", "{693B9109-FD63-42C0-912A-8ECE999E8F50}"
EndProject
Project("{2150E333-8FDC-42A3-9474-1A3956D46DE8}") = "Core", "Core", "{F883921A-5649-4A9F-BDB2-9F03C456872B}"
EndProject
Project("{9A19103F-16F7-4668-BE54-9A1E7A4F7556}") = "SecureLab.Application", "SecureLab.Application\SecureLab.Application.csproj", "{7B747525-D5E9-4034-832F-EB5556478F3F}"
EndProject
Project("{2150E333-8FDC-42A3-9474-1A3956D46DE8}") = "Api", "Api", "{0B8BCB28-D7E7-4470-A987-AAFC19441F47}"
EndProject
Project("{2150E333-8FDC-42A3-9474-1A3956D46DE8}") = "Src", "Src", "{2B911848-0F50-43F8-B7C9-6651352C31B6}"
EndProject
Project("{2150E333-8FDC-42A3-9474-1A3956D46DE8}") = "Common", "Common", "{1828B360-82FC-4EC7-A5E6-90223F2EC16E}"
EndProject
Project("{9A19103F-16F7-4668-BE54-9A1E7A4F7556}") = "SecureLab.Common", "SecureLab.Common\SecureLab.Common.csproj", "{A3FB9852-AF28-4C57-A81D-9B9E06D5A76B}"
EndProject
Project("{2150E333-8FDC-42A3-9474-1A3956D46DE8}") = "Infrastructure", "Infrastructure", "{A66E432B-DD7D-4EE7-9DEB-481889E359E1}"
EndProject
Project("{9A19103F-16F7-4668-BE54-9A1E7A4F7556}") = "SecureLab.Persistence", "SecureLab.Persistence\SecureLab.Persistence.csproj", "{A71FD51A-9D19-4B7A-8353-507075DCC516}"
EndProject
Global
	GlobalSection(SolutionConfigurationPlatforms) = preSolution
		Debug|Any CPU = Debug|Any CPU
		Release|Any CPU = Release|Any CPU
	EndGlobalSection
	GlobalSection(ProjectConfigurationPlatforms) = postSolution
		{274FB89F-4CD2-4DB3-BACA-AD4F8B3577FE}.Debug|Any CPU.ActiveCfg = Debug|Any CPU
		{274FB89F-4CD2-4DB3-BACA-AD4F8B3577FE}.Debug|Any CPU.Build.0 = Debug|Any CPU
		{274FB89F-4CD2-4DB3-BACA-AD4F8B3577FE}.Release|Any CPU.ActiveCfg = Release|Any CPU
		{274FB89F-4CD2-4DB3-BACA-AD4F8B3577FE}.Release|Any CPU.Build.0 = Release|Any CPU
		{693B9109-FD63-42C0-912A-8ECE999E8F50}.Debug|Any CPU.ActiveCfg = Debug|Any CPU
		{693B9109-FD63-42C0-912A-8ECE999E8F50}.Debug|Any CPU.Build.0 = Debug|Any CPU
		{693B9109-FD63-42C0-912A-8ECE999E8F50}.Release|Any CPU.ActiveCfg = Release|Any CPU
		{693B9109-FD63-42C0-912A-8ECE999E8F50}.Release|Any CPU.Build.0 = Release|Any CPU
		{7B747525-D5E9-4034-832F-EB5556478F3F}.Debug|Any CPU.ActiveCfg = Debug|Any CPU
		{7B747525-D5E9-4034-832F-EB5556478F3F}.Debug|Any CPU.Build.0 = Debug|Any CPU
		{7B747525-D5E9-4034-832F-EB5556478F3F}.Release|Any CPU.ActiveCfg = Release|Any CPU
		{7B747525-D5E9-4034-832F-EB5556478F3F}.Release|Any CPU.Build.0 = Release|Any CPU
		{A3FB9852-AF28-4C57-A81D-9B9E06D5A76B}.Debug|Any CPU.ActiveCfg = Debug|Any CPU
		{A3FB9852-AF28-4C57-A81D-9B9E06D5A76B}.Debug|Any CPU.Build.0 = Debug|Any CPU
		{A3FB9852-AF28-4C57-A81D-9B9E06D5A76B}.Release|Any CPU.ActiveCfg = Release|Any CPU
		{A3FB9852-AF28-4C57-A81D-9B9E06D5A76B}.Release|Any CPU.Build.0 = Release|Any CPU
		{A71FD51A-9D19-4B7A-8353-507075DCC516}.Debug|Any CPU.ActiveCfg = Debug|Any CPU
		{A71FD51A-9D19-4B7A-8353-507075DCC516}.Debug|Any CPU.Build.0 = Debug|Any CPU
		{A71FD51A-9D19-4B7A-8353-507075DCC516}.Release|Any CPU.ActiveCfg = Release|Any CPU
		{A71FD51A-9D19-4B7A-8353-507075DCC516}.Release|Any CPU.Build.0 = Release|Any CPU
	EndGlobalSection
	GlobalSection(SolutionProperties) = preSolution
		HideSolutionNode = FALSE
	EndGlobalSection
	GlobalSection(NestedProjects) = preSolution
		{274FB89F-4CD2-4DB3-BACA-AD4F8B3577FE} = {0B8BCB28-D7E7-4470-A987-AAFC19441F47}
		{693B9109-FD63-42C0-912A-8ECE999E8F50} = {F883921A-5649-4A9F-BDB2-9F03C456872B}
		{F883921A-5649-4A9F-BDB2-9F03C456872B} = {2B911848-0F50-43F8-B7C9-6651352C31B6}
		{7B747525-D5E9-4034-832F-EB5556478F3F} = {F883921A-5649-4A9F-BDB2-9F03C456872B}
		{0B8BCB28-D7E7-4470-A987-AAFC19441F47} = {2B911848-0F50-43F8-B7C9-6651352C31B6}
		{1828B360-82FC-4EC7-A5E6-90223F2EC16E} = {2B911848-0F50-43F8-B7C9-6651352C31B6}
		{A3FB9852-AF28-4C57-A81D-9B9E06D5A76B} = {1828B360-82FC-4EC7-A5E6-90223F2EC16E}
		{A66E432B-DD7D-4EE7-9DEB-481889E359E1} = {2B911848-0F50-43F8-B7C9-6651352C31B6}
		{A71FD51A-9D19-4B7A-8353-507075DCC516} = {A66E432B-DD7D-4EE7-9DEB-481889E359E1}
	EndGlobalSection
	GlobalSection(ExtensibilityGlobals) = postSolution
		SolutionGuid = {A25A6397-257D-426A-BEA2-DFD4C25FD648}
	EndGlobalSection
EndGlobal
